
Microsoft Visual Studio Solution File, Format Version 12.00
# Visual Studio Version 17
VisualStudioVersion = 17.3.32922.545
MinimumVisualStudioVersion = 10.0.40219.1
Project("{9A19103F-16F7-4668-BE54-9A1E7A4F7556}") = "Selenium", "Selenium\Selenium.csproj", "{2252CF74-B898-4A57-865E-B575C9B435D9}"
EndProject
Project("{FAE04EC0-301F-11D3-BF4B-00C04F79EFBC}") = "API", "API\API.csproj", "{17B44CD4-46B2-4A6B-9C91-DFE4B2156229}"
EndProject
Global
	GlobalSection(SolutionConfigurationPlatforms) = preSolution
		Debug|Any CPU = Debug|Any CPU
		Release|Any CPU = Release|Any CPU
	EndGlobalSection
	GlobalSection(ProjectConfigurationPlatforms) = postSolution
		{2252CF74-B898-4A57-865E-B575C9B435D9}.Debug|Any CPU.ActiveCfg = Debug|Any CPU
		{2252CF74-B898-4A57-865E-B575C9B435D9}.Debug|Any CPU.Build.0 = Debug|Any CPU
		{2252CF74-B898-4A57-865E-B575C9B435D9}.Release|Any CPU.ActiveCfg = Release|Any CPU
		{2252CF74-B898-4A57-865E-B575C9B435D9}.Release|Any CPU.Build.0 = Release|Any CPU
		{17B44CD4-46B2-4A6B-9C91-DFE4B2156229}.Debug|Any CPU.ActiveCfg = Debug|Any CPU
		{17B44CD4-46B2-4A6B-9C91-DFE4B2156229}.Debug|Any CPU.Build.0 = Debug|Any CPU
		{17B44CD4-46B2-4A6B-9C91-DFE4B2156229}.Release|Any CPU.ActiveCfg = Release|Any CPU
		{17B44CD4-46B2-4A6B-9C91-DFE4B2156229}.Release|Any CPU.Build.0 = Release|Any CPU
	EndGlobalSection
	GlobalSection(SolutionProperties) = preSolution
		HideSolutionNode = FALSE
	EndGlobalSection
	GlobalSection(ExtensibilityGlobals) = postSolution
		SolutionGuid = {056E82C2-1DCA-44FD-B1C6-685FC977140D}
	EndGlobalSection
EndGlobal
